// !$*UTF8*$!
{
	archiveVersion = 1;
	classes = {
	};
	objectVersion = 77;
	objects = {

/* Begin PBXBuildFile section */
		795D491B2DB9063000756BB9 /* README.md in Resources */ = {isa = PBXBuildFile; fileRef = 795D491A2DB9062100756BB9 /* README.md */; };
/* End PBXBuildFile section */

/* Begin PBXContainerItemProxy section */
		79DDAA012D75BA2A00090E77 /* PBXContainerItemProxy */ = {
			isa = PBXContainerItemProxy;
			containerPortal = 79DDA9E42D75BA2900090E77 /* Project object */;
			proxyType = 1;
			remoteGlobalIDString = 79DDA9EB2D75BA2900090E77;
			remoteInfo = saac;
		};
		79DDAA0B2D75BA2A00090E77 /* PBXContainerItemProxy */ = {
			isa = PBXContainerItemProxy;
			containerPortal = 79DDA9E42D75BA2900090E77 /* Project object */;
			proxyType = 1;
			remoteGlobalIDString = 79DDA9EB2D75BA2900090E77;
			remoteInfo = saac;
		};
/* End PBXContainerItemProxy section */

/* Begin PBXFileReference section */
		795D491A2DB9062100756BB9 /* README.md */ = {isa = PBXFileReference; lastKnownFileType = net.daringfireball.markdown; path = README.md; sourceTree = "<group>"; };
		79DDA9EC2D75BA2900090E77 /* saac.app */ = {isa = PBXFileReference; explicitFileType = wrapper.application; includeInIndex = 0; path = saac.app; sourceTree = BUILT_PRODUCTS_DIR; };
		79DDAA002D75BA2A00090E77 /* saacTests.xctest */ = {isa = PBXFileReference; explicitFileType = wrapper.cfbundle; includeInIndex = 0; path = saacTests.xctest; sourceTree = BUILT_PRODUCTS_DIR; };
		79DDAA0A2D75BA2A00090E77 /* saacUITests.xctest */ = {isa = PBXFileReference; explicitFileType = wrapper.cfbundle; includeInIndex = 0; path = saacUITests.xctest; sourceTree = BUILT_PRODUCTS_DIR; };
/* End PBXFileReference section */

/* Begin PBXFileSystemSynchronizedBuildFileExceptionSet section */
		79DDAA122D75BA2A00090E77 /* Exceptions for "saac" folder in "saac" target */ = {
			isa = PBXFileSystemSynchronizedBuildFileExceptionSet;
			membershipExceptions = (
				Info.plist,
			);
			target = 79DDA9EB2D75BA2900090E77 /* saac */;
		};
/* End PBXFileSystemSynchronizedBuildFileExceptionSet section */

/* Begin PBXFileSystemSynchronizedRootGroup section */
		79DDA9EE2D75BA2900090E77 /* saac */ = {
			isa = PBXFileSystemSynchronizedRootGroup;
			exceptions = (
				79DDAA122D75BA2A00090E77 /* Exceptions for "saac" folder in "saac" target */,
			);
			path = saac;
			sourceTree = "<group>";
		};
		79DDAA032D75BA2A00090E77 /* saacTests */ = {
			isa = PBXFileSystemSynchronizedRootGroup;
			path = saacTests;
			sourceTree = "<group>";
		};
		79DDAA0D2D75BA2A00090E77 /* saacUITests */ = {
			isa = PBXFileSystemSynchronizedRootGroup;
			path = saacUITests;
			sourceTree = "<group>";
		};
/* End PBXFileSystemSynchronizedRootGroup section */

/* Begin PBXFrameworksBuildPhase section */
		79DDA9E92D75BA2900090E77 /* Frameworks */ = {
			isa = PBXFrameworksBuildPhase;
			buildActionMask = 2147483647;
			files = (
			);
			runOnlyForDeploymentPostprocessing = 0;
		};
		79DDA9FD2D75BA2A00090E77 /* Frameworks */ = {
			isa = PBXFrameworksBuildPhase;
			buildActionMask = 2147483647;
			files = (
			);
			runOnlyForDeploymentPostprocessing = 0;
		};
		79DDAA072D75BA2A00090E77 /* Frameworks */ = {
			isa = PBXFrameworksBuildPhase;
			buildActionMask = 2147483647;
			files = (
			);
			runOnlyForDeploymentPostprocessing = 0;
		};
/* End PBXFrameworksBuildPhase section */

/* Begin PBXGroup section */
		79DDA9E32D75BA2900090E77 = {
			isa = PBXGroup;
			children = (
				79DDA9EE2D75BA2900090E77 /* saac */,
				79DDAA032D75BA2A00090E77 /* saacTests */,
				79DDAA0D2D75BA2A00090E77 /* saacUITests */,
				79DDA9ED2D75BA2900090E77 /* Products */,
				795D491A2DB9062100756BB9 /* README.md */,
			);
			sourceTree = "<group>";
		};
		79DDA9ED2D75BA2900090E77 /* Products */ = {
			isa = PBXGroup;
			children = (
				79DDA9EC2D75BA2900090E77 /* saac.app */,
				79DDAA002D75BA2A00090E77 /* saacTests.xctest */,
				79DDAA0A2D75BA2A00090E77 /* saacUITests.xctest */,
			);
			name = Products;
			sourceTree = "<group>";
		};
/* End PBXGroup section */

/* Begin PBXNativeTarget section */
		79DDA9EB2D75BA2900090E77 /* saac */ = {
			isa = PBXNativeTarget;
			buildConfigurationList = 79DDAA132D75BA2A00090E77 /* Build configuration list for PBXNativeTarget "saac" */;
			buildPhases = (
				79DDA9E82D75BA2900090E77 /* Sources */,
				79DDA9E92D75BA2900090E77 /* Frameworks */,
				79DDA9EA2D75BA2900090E77 /* Resources */,
			);
			buildRules = (
			);
			dependencies = (
			);
			fileSystemSynchronizedGroups = (
				79DDA9EE2D75BA2900090E77 /* saac */,
			);
			name = saac;
			packageProductDependencies = (
			);
			productName = saac;
			productReference = 79DDA9EC2D75BA2900090E77 /* saac.app */;
			productType = "com.apple.product-type.application";
		};
		79DDA9FF2D75BA2A00090E77 /* saacTests */ = {
			isa = PBXNativeTarget;
			buildConfigurationList = 79DDAA182D75BA2A00090E77 /* Build configuration list for PBXNativeTarget "saacTests" */;
			buildPhases = (
				79DDA9FC2D75BA2A00090E77 /* Sources */,
				79DDA9FD2D75BA2A00090E77 /* Frameworks */,
				79DDA9FE2D75BA2A00090E77 /* Resources */,
			);
			buildRules = (
			);
			dependencies = (
				79DDAA022D75BA2A00090E77 /* PBXTargetDependency */,
			);
			fileSystemSynchronizedGroups = (
				79DDAA032D75BA2A00090E77 /* saacTests */,
			);
			name = saacTests;
			packageProductDependencies = (
			);
			productName = saacTests;
			productReference = 79DDAA002D75BA2A00090E77 /* saacTests.xctest */;
			productType = "com.apple.product-type.bundle.unit-test";
		};
		79DDAA092D75BA2A00090E77 /* saacUITests */ = {
			isa = PBXNativeTarget;
			buildConfigurationList = 79DDAA1B2D75BA2A00090E77 /* Build configuration list for PBXNativeTarget "saacUITests" */;
			buildPhases = (
				79DDAA062D75BA2A00090E77 /* Sources */,
				79DDAA072D75BA2A00090E77 /* Frameworks */,
				79DDAA082D75BA2A00090E77 /* Resources */,
			);
			buildRules = (
			);
			dependencies = (
				79DDAA0C2D75BA2A00090E77 /* PBXTargetDependency */,
			);
			fileSystemSynchronizedGroups = (
				79DDAA0D2D75BA2A00090E77 /* saacUITests */,
			);
			name = saacUITests;
			packageProductDependencies = (
			);
			productName = saacUITests;
			productReference = 79DDAA0A2D75BA2A00090E77 /* saacUITests.xctest */;
			productType = "com.apple.product-type.bundle.ui-testing";
		};
/* End PBXNativeTarget section */

/* Begin PBXProject section */
		79DDA9E42D75BA2900090E77 /* Project object */ = {
			isa = PBXProject;
			attributes = {
				BuildIndependentTargetsInParallel = 1;
				LastSwiftUpdateCheck = 1620;
				LastUpgradeCheck = 1620;
				TargetAttributes = {
					79DDA9EB2D75BA2900090E77 = {
						CreatedOnToolsVersion = 16.2;
					};
					79DDA9FF2D75BA2A00090E77 = {
						CreatedOnToolsVersion = 16.2;
						TestTargetID = 79DDA9EB2D75BA2900090E77;
					};
					79DDAA092D75BA2A00090E77 = {
						CreatedOnToolsVersion = 16.2;
						TestTargetID = 79DDA9EB2D75BA2900090E77;
					};
				};
			};
			buildConfigurationList = 79DDA9E72D75BA2900090E77 /* Build configuration list for PBXProject "saac" */;
			developmentRegion = en;
			hasScannedForEncodings = 0;
			knownRegions = (
				en,
				Base,
			);
			mainGroup = 79DDA9E32D75BA2900090E77;
			minimizedProjectReferenceProxies = 1;
			preferredProjectObjectVersion = 77;
			productRefGroup = 79DDA9ED2D75BA2900090E77 /* Products */;
			projectDirPath = "";
			projectRoot = "";
			targets = (
				79DDA9EB2D75BA2900090E77 /* saac */,
				79DDA9FF2D75BA2A00090E77 /* saacTests */,
				79DDAA092D75BA2A00090E77 /* saacUITests */,
			);
		};
/* End PBXProject section */

/* Begin PBXResourcesBuildPhase section */
		79DDA9EA2D75BA2900090E77 /* Resources */ = {
			isa = PBXResourcesBuildPhase;
			buildActionMask = 2147483647;
			files = (
				795D491B2DB9063000756BB9 /* README.md in Resources */,
			);
			runOnlyForDeploymentPostprocessing = 0;
		};
		79DDA9FE2D75BA2A00090E77 /* Resources */ = {
			isa = PBXResourcesBuildPhase;
			buildActionMask = 2147483647;
			files = (
			);
			runOnlyForDeploymentPostprocessing = 0;
		};
		79DDAA082D75BA2A00090E77 /* Resources */ = {
			isa = PBXResourcesBuildPhase;
			buildActionMask = 2147483647;
			files = (
			);
			runOnlyForDeploymentPostprocessing = 0;
		};
/* End PBXResourcesBuildPhase section */

/* Begin PBXSourcesBuildPhase section */
		79DDA9E82D75BA2900090E77 /* Sources */ = {
			isa = PBXSourcesBuildPhase;
			buildActionMask = 2147483647;
			files = (
			);
			runOnlyForDeploymentPostprocessing = 0;
		};
		79DDA9FC2D75BA2A00090E77 /* Sources */ = {
			isa = PBXSourcesBuildPhase;
			buildActionMask = 2147483647;
			files = (
			);
			runOnlyForDeploymentPostprocessing = 0;
		};
		79DDAA062D75BA2A00090E77 /* Sources */ = {
			isa = PBXSourcesBuildPhase;
			buildActionMask = 2147483647;
			files = (
			);
			runOnlyForDeploymentPostprocessing = 0;
		};
/* End PBXSourcesBuildPhase section */

/* Begin PBXTargetDependency section */
		79DDAA022D75BA2A00090E77 /* PBXTargetDependency */ = {
			isa = PBXTargetDependency;
			target = 79DDA9EB2D75BA2900090E77 /* saac */;
			targetProxy = 79DDAA012D75BA2A00090E77 /* PBXContainerItemProxy */;
		};
		79DDAA0C2D75BA2A00090E77 /* PBXTargetDependency */ = {
			isa = PBXTargetDependency;
			target = 79DDA9EB2D75BA2900090E77 /* saac */;
			targetProxy = 79DDAA0B2D75BA2A00090E77 /* PBXContainerItemProxy */;
		};
/* End PBXTargetDependency section */

/* Begin XCBuildConfiguration section */
		79DDAA142D75BA2A00090E77 /* Debug */ = {
			isa = XCBuildConfiguration;
			buildSettings = {
				ASSETCATALOG_COMPILER_APPICON_NAME = AppIcon;
				ASSETCATALOG_COMPILER_GLOBAL_ACCENT_COLOR_NAME = AccentColor;
				CODE_SIGN_ENTITLEMENTS = saac/saac.entitlements;
				CODE_SIGN_STYLE = Automatic;
				CURRENT_PROJECT_VERSION = 1;
				DEVELOPMENT_ASSET_PATHS = "\"saac/Preview Content\"";
				DEVELOPMENT_TEAM = SCQ7JJP5MN;
				ENABLE_PREVIEWS = YES;
				GENERATE_INFOPLIST_FILE = YES;
				INFOPLIST_FILE = saac/Info.plist;
				INFOPLIST_KEY_CFBundleDisplayName = "사악사악";
				INFOPLIST_KEY_LSApplicationCategoryType = "public.app-category.business";
				INFOPLIST_KEY_UIApplicationSceneManifest_Generation = YES;
				INFOPLIST_KEY_UIApplicationSupportsIndirectInputEvents = YES;
				INFOPLIST_KEY_UILaunchScreen_Generation = YES;
				INFOPLIST_KEY_UISupportedInterfaceOrientations_iPad = "UIInterfaceOrientationPortrait UIInterfaceOrientationPortraitUpsideDown UIInterfaceOrientationLandscapeLeft UIInterfaceOrientationLandscapeRight";
				INFOPLIST_KEY_UISupportedInterfaceOrientations_iPhone = "UIInterfaceOrientationPortrait UIInterfaceOrientationLandscapeLeft UIInterfaceOrientationLandscapeRight";
				LD_RUNPATH_SEARCH_PATHS = (
					"$(inherited)",
					"@executable_path/Frameworks",
				);
				MARKETING_VERSION = 1.0;
				PRODUCT_BUNDLE_IDENTIFIER = com.grway.saac;
				PRODUCT_NAME = "$(TARGET_NAME)";
				SWIFT_EMIT_LOC_STRINGS = YES;
				SWIFT_VERSION = 5.0;
				TARGETED_DEVICE_FAMILY = "1,2";
			};
			name = Debug;
		};
		79DDAA152D75BA2A00090E77 /* Release */ = {
			isa = XCBuildConfiguration;
			buildSettings = {
				ASSETCATALOG_COMPILER_APPICON_NAME = AppIcon;
				ASSETCATALOG_COMPILER_GLOBAL_ACCENT_COLOR_NAME = AccentColor;
				CODE_SIGN_ENTITLEMENTS = saac/saac.entitlements;
				CODE_SIGN_STYLE = Automatic;
				CURRENT_PROJECT_VERSION = 1;
				DEVELOPMENT_ASSET_PATHS = "\"saac/Preview Content\"";
				DEVELOPMENT_TEAM = SCQ7JJP5MN;
				ENABLE_PREVIEWS = YES;
				GENERATE_INFOPLIST_FILE = YES;
				INFOPLIST_FILE = saac/Info.plist;
				INFOPLIST_KEY_CFBundleDisplayName = "사악사악";
				INFOPLIST_KEY_LSApplicationCategoryType = "public.app-category.business";
				INFOPLIST_KEY_UIApplicationSceneManifest_Generation = YES;
				INFOPLIST_KEY_UIApplicationSupportsIndirectInputEvents = YES;
				INFOPLIST_KEY_UILaunchScreen_Generation = YES;
				INFOPLIST_KEY_UISupportedInterfaceOrientations_iPad = "UIInterfaceOrientationPortrait UIInterfaceOrientationPortraitUpsideDown UIInterfaceOrientationLandscapeLeft UIInterfaceOrientationLandscapeRight";
				INFOPLIST_KEY_UISupportedInterfaceOrientations_iPhone = "UIInterfaceOrientationPortrait UIInterfaceOrientationLandscapeLeft UIInterfaceOrientationLandscapeRight";
				LD_RUNPATH_SEARCH_PATHS = (
					"$(inherited)",
					"@executable_path/Frameworks",
				);
				MARKETING_VERSION = 1.0;
				PRODUCT_BUNDLE_IDENTIFIER = com.grway.saac;
				PRODUCT_NAME = "$(TARGET_NAME)";
				SWIFT_EMIT_LOC_STRINGS = YES;
				SWIFT_VERSION = 5.0;
				TARGETED_DEVICE_FAMILY = "1,2";
			};
			name = Release;
		};
		79DDAA162D75BA2A00090E77 /* Debug */ = {
			isa = XCBuildConfiguration;
			buildSettings = {
				ALWAYS_SEARCH_USER_PATHS = NO;
				ASSETCATALOG_COMPILER_GENERATE_SWIFT_ASSET_SYMBOL_EXTENSIONS = YES;
				CLANG_ANALYZER_NONNULL = YES;
				CLANG_ANALYZER_NUMBER_OBJECT_CONVERSION = YES_AGGRESSIVE;
				CLANG_CXX_LANGUAGE_STANDARD = "gnu++20";
				CLANG_ENABLE_MODULES = YES;
				CLANG_ENABLE_OBJC_ARC = YES;
				CLANG_ENABLE_OBJC_WEAK = YES;
				CLANG_WARN_BLOCK_CAPTURE_AUTORELEASING = YES;
				CLANG_WARN_BOOL_CONVERSION = YES;
				CLANG_WARN_COMMA = YES;
				CLANG_WARN_CONSTANT_CONVERSION = YES;
				CLANG_WARN_DEPRECATED_OBJC_IMPLEMENTATIONS = YES;
				CLANG_WARN_DIRECT_OBJC_ISA_USAGE = YES_ERROR;
				CLANG_WARN_DOCUMENTATION_COMMENTS = YES;
				CLANG_WARN_EMPTY_BODY = YES;
				CLANG_WARN_ENUM_CONVERSION = YES;
				CLANG_WARN_INFINITE_RECURSION = YES;
				CLANG_WARN_INT_CONVERSION = YES;
				CLANG_WARN_NON_LITERAL_NULL_CONVERSION = YES;
				CLANG_WARN_OBJC_IMPLICIT_RETAIN_SELF = YES;
				CLANG_WARN_OBJC_LITERAL_CONVERSION = YES;
				CLANG_WARN_OBJC_ROOT_CLASS = YES_ERROR;
				CLANG_WARN_QUOTED_INCLUDE_IN_FRAMEWORK_HEADER = YES;
				CLANG_WARN_RANGE_LOOP_ANALYSIS = YES;
				CLANG_WARN_STRICT_PROTOTYPES = YES;
				CLANG_WARN_SUSPICIOUS_MOVE = YES;
				CLANG_WARN_UNGUARDED_AVAILABILITY = YES_AGGRESSIVE;
				CLANG_WARN_UNREACHABLE_CODE = YES;
				CLANG_WARN__DUPLICATE_METHOD_MATCH = YES;
				COPY_PHASE_STRIP = NO;
				DEBUG_INFORMATION_FORMAT = dwarf;
				ENABLE_STRICT_OBJC_MSGSEND = YES;
				ENABLE_TESTABILITY = YES;
				ENABLE_USER_SCRIPT_SANDBOXING = YES;
				GCC_C_LANGUAGE_STANDARD = gnu17;
				GCC_DYNAMIC_NO_PIC = NO;
				GCC_NO_COMMON_BLOCKS = YES;
				GCC_OPTIMIZATION_LEVEL = 0;
				GCC_PREPROCESSOR_DEFINITIONS = (
					"DEBUG=1",
					"$(inherited)",
				);
				GCC_WARN_64_TO_32_BIT_CONVERSION = YES;
				GCC_WARN_ABOUT_RETURN_TYPE = YES_ERROR;
				GCC_WARN_UNDECLARED_SELECTOR = YES;
				GCC_WARN_UNINITIALIZED_AUTOS = YES_AGGRESSIVE;
				GCC_WARN_UNUSED_FUNCTION = YES;
				GCC_WARN_UNUSED_VARIABLE = YES;
				IPHONEOS_DEPLOYMENT_TARGET = 18.2;
				LOCALIZATION_PREFERS_STRING_CATALOGS = YES;
				MTL_ENABLE_DEBUG_INFO = INCLUDE_SOURCE;
				MTL_FAST_MATH = YES;
				ONLY_ACTIVE_ARCH = YES;
				SDKROOT = iphoneos;
				SWIFT_ACTIVE_COMPILATION_CONDITIONS = "DEBUG $(inherited)";
				SWIFT_OPTIMIZATION_LEVEL = "-Onone";
			};
			name = Debug;
		};
		79DDAA172D75BA2A00090E77 /* Release */ = {
			isa = XCBuildConfiguration;
			buildSettings = {
				ALWAYS_SEARCH_USER_PATHS = NO;
				ASSETCATALOG_COMPILER_GENERATE_SWIFT_ASSET_SYMBOL_EXTENSIONS = YES;
				CLANG_ANALYZER_NONNULL = YES;
				CLANG_ANALYZER_NUMBER_OBJECT_CONVERSION = YES_AGGRESSIVE;
				CLANG_CXX_LANGUAGE_STANDARD = "gnu++20";
				CLANG_ENABLE_MODULES = YES;
				CLANG_ENABLE_OBJC_ARC = YES;
				CLANG_ENABLE_OBJC_WEAK = YES;
				CLANG_WARN_BLOCK_CAPTURE_AUTORELEASING = YES;
				CLANG_WARN_BOOL_CONVERSION = YES;
				CLANG_WARN_COMMA = YES;
				CLANG_WARN_CONSTANT_CONVERSION = YES;
				CLANG_WARN_DEPRECATED_OBJC_IMPLEMENTATIONS = YES;
				CLANG_WARN_DIRECT_OBJC_ISA_USAGE = YES_ERROR;
				CLANG_WARN_DOCUMENTATION_COMMENTS = YES;
				CLANG_WARN_EMPTY_BODY = YES;
				CLANG_WARN_ENUM_CONVERSION = YES;
				CLANG_WARN_INFINITE_RECURSION = YES;
				CLANG_WARN_INT_CONVERSION = YES;
				CLANG_WARN_NON_LITERAL_NULL_CONVERSION = YES;
				CLANG_WARN_OBJC_IMPLICIT_RETAIN_SELF = YES;
				CLANG_WARN_OBJC_LITERAL_CONVERSION = YES;
				CLANG_WARN_OBJC_ROOT_CLASS = YES_ERROR;
				CLANG_WARN_QUOTED_INCLUDE_IN_FRAMEWORK_HEADER = YES;
				CLANG_WARN_RANGE_LOOP_ANALYSIS = YES;
				CLANG_WARN_STRICT_PROTOTYPES = YES;
				CLANG_WARN_SUSPICIOUS_MOVE = YES;
				CLANG_WARN_UNGUARDED_AVAILABILITY = YES_AGGRESSIVE;
				CLANG_WARN_UNREACHABLE_CODE = YES;
				CLANG_WARN__DUPLICATE_METHOD_MATCH = YES;
				COPY_PHASE_STRIP = NO;
				DEBUG_INFORMATION_FORMAT = "dwarf-with-dsym";
				ENABLE_NS_ASSERTIONS = NO;
				ENABLE_STRICT_OBJC_MSGSEND = YES;
				ENABLE_USER_SCRIPT_SANDBOXING = YES;
				GCC_C_LANGUAGE_STANDARD = gnu17;
				GCC_NO_COMMON_BLOCKS = YES;
				GCC_WARN_64_TO_32_BIT_CONVERSION = YES;
				GCC_WARN_ABOUT_RETURN_TYPE = YES_ERROR;
				GCC_WARN_UNDECLARED_SELECTOR = YES;
				GCC_WARN_UNINITIALIZED_AUTOS = YES_AGGRESSIVE;
				GCC_WARN_UNUSED_FUNCTION = YES;
				GCC_WARN_UNUSED_VARIABLE = YES;
				IPHONEOS_DEPLOYMENT_TARGET = 18.2;
				LOCALIZATION_PREFERS_STRING_CATALOGS = YES;
				MTL_ENABLE_DEBUG_INFO = NO;
				MTL_FAST_MATH = YES;
				SDKROOT = iphoneos;
				SWIFT_COMPILATION_MODE = wholemodule;
				VALIDATE_PRODUCT = YES;
			};
			name = Release;
		};
		79DDAA192D75BA2A00090E77 /* Debug */ = {
			isa = XCBuildConfiguration;
			buildSettings = {
				BUNDLE_LOADER = "$(TEST_HOST)";
				CODE_SIGN_STYLE = Automatic;
				CURRENT_PROJECT_VERSION = 1;
				DEVELOPMENT_TEAM = SCQ7JJP5MN;
				GENERATE_INFOPLIST_FILE = YES;
				IPHONEOS_DEPLOYMENT_TARGET = 18.2;
				MARKETING_VERSION = 1.0;
				PRODUCT_BUNDLE_IDENTIFIER = com.grway.saacTests;
				PRODUCT_NAME = "$(TARGET_NAME)";
				SWIFT_EMIT_LOC_STRINGS = NO;
				SWIFT_VERSION = 5.0;
				TARGETED_DEVICE_FAMILY = "1,2";
				TEST_HOST = "$(BUILT_PRODUCTS_DIR)/saac.app/$(BUNDLE_EXECUTABLE_FOLDER_PATH)/saac";
			};
			name = Debug;
		};
		79DDAA1A2D75BA2A00090E77 /* Release */ = {
			isa = XCBuildConfiguration;
			buildSettings = {
				BUNDLE_LOADER = "$(TEST_HOST)";
				CODE_SIGN_STYLE = Automatic;
				CURRENT_PROJECT_VERSION = 1;
				DEVELOPMENT_TEAM = SCQ7JJP5MN;
				GENERATE_INFOPLIST_FILE = YES;
				IPHONEOS_DEPLOYMENT_TARGET = 18.2;
				MARKETING_VERSION = 1.0;
				PRODUCT_BUNDLE_IDENTIFIER = com.grway.saacTests;
				PRODUCT_NAME = "$(TARGET_NAME)";
				SWIFT_EMIT_LOC_STRINGS = NO;
				SWIFT_VERSION = 5.0;
				TARGETED_DEVICE_FAMILY = "1,2";
				TEST_HOST = "$(BUILT_PRODUCTS_DIR)/saac.app/$(BUNDLE_EXECUTABLE_FOLDER_PATH)/saac";
			};
			name = Release;
		};
		79DDAA1C2D75BA2A00090E77 /* Debug */ = {
			isa = XCBuildConfiguration;
			buildSettings = {
				CODE_SIGN_STYLE = Automatic;
				CURRENT_PROJECT_VERSION = 1;
				DEVELOPMENT_TEAM = SCQ7JJP5MN;
				GENERATE_INFOPLIST_FILE = YES;
				MARKETING_VERSION = 1.0;
				PRODUCT_BUNDLE_IDENTIFIER = com.grway.saacUITests;
				PRODUCT_NAME = "$(TARGET_NAME)";
				SWIFT_EMIT_LOC_STRINGS = NO;
				SWIFT_VERSION = 5.0;
				TARGETED_DEVICE_FAMILY = "1,2";
				TEST_TARGET_NAME = saac;
			};
			name = Debug;
		};
		79DDAA1D2D75BA2A00090E77 /* Release */ = {
			isa = XCBuildConfiguration;
			buildSettings = {
				CODE_SIGN_STYLE = Automatic;
				CURRENT_PROJECT_VERSION = 1;
				DEVELOPMENT_TEAM = SCQ7JJP5MN;
				GENERATE_INFOPLIST_FILE = YES;
				MARKETING_VERSION = 1.0;
				PRODUCT_BUNDLE_IDENTIFIER = com.grway.saacUITests;
				PRODUCT_NAME = "$(TARGET_NAME)";
				SWIFT_EMIT_LOC_STRINGS = NO;
				SWIFT_VERSION = 5.0;
				TARGETED_DEVICE_FAMILY = "1,2";
				TEST_TARGET_NAME = saac;
			};
			name = Release;
		};
/* End XCBuildConfiguration section */

/* Begin XCConfigurationList section */
		79DDA9E72D75BA2900090E77 /* Build configuration list for PBXProject "saac" */ = {
			isa = XCConfigurationList;
			buildConfigurations = (
				79DDAA162D75BA2A00090E77 /* Debug */,
				79DDAA172D75BA2A00090E77 /* Release */,
			);
			defaultConfigurationIsVisible = 0;
			defaultConfigurationName = Release;
		};
		79DDAA132D75BA2A00090E77 /* Build configuration list for PBXNativeTarget "saac" */ = {
			isa = XCConfigurationList;
			buildConfigurations = (
				79DDAA142D75BA2A00090E77 /* Debug */,
				79DDAA152D75BA2A00090E77 /* Release */,
			);
			defaultConfigurationIsVisible = 0;
			defaultConfigurationName = Release;
		};
		79DDAA182D75BA2A00090E77 /* Build configuration list for PBXNativeTarget "saacTests" */ = {
			isa = XCConfigurationList;
			buildConfigurations = (
				79DDAA192D75BA2A00090E77 /* Debug */,
				79DDAA1A2D75BA2A00090E77 /* Release */,
			);
			defaultConfigurationIsVisible = 0;
			defaultConfigurationName = Release;
		};
		79DDAA1B2D75BA2A00090E77 /* Build configuration list for PBXNativeTarget "saacUITests" */ = {
			isa = XCConfigurationList;
			buildConfigurations = (
				79DDAA1C2D75BA2A00090E77 /* Debug */,
				79DDAA1D2D75BA2A00090E77 /* Release */,
			);
			defaultConfigurationIsVisible = 0;
			defaultConfigurationName = Release;
		};
/* End XCConfigurationList section */
	};
	rootObject = 79DDA9E42D75BA2900090E77 /* Project object */;
}
